
Microsoft Visual Studio Solution File, Format Version 12.00
# Visual Studio Version 16
VisualStudioVersion = 16.0.32228.343
MinimumVisualStudioVersion = 10.0.40219.1
Project("{FAE04EC0-301F-11D3-BF4B-00C04F79EFBC}") = "AccessModifiers2", "AccessModifiers2\AccessModifiers2.csproj", "{1F74E2CF-6B55-4ADF-AF48-F4E2D4E5EB9D}"
EndProject
Project("{FAE04EC0-301F-11D3-BF4B-00C04F79EFBC}") = "ClassLibrary", "ClassLibrary\ClassLibrary.csproj", "{88837B71-C911-4190-AAAA-D97F5FBFD2DB}"
EndProject
Global
	GlobalSection(SolutionConfigurationPlatforms) = preSolution
		Debug|Any CPU = Debug|Any CPU
		Release|Any CPU = Release|Any CPU
	EndGlobalSection
	GlobalSection(ProjectConfigurationPlatforms) = postSolution
		{1F74E2CF-6B55-4ADF-AF48-F4E2D4E5EB9D}.Debug|Any CPU.ActiveCfg = Debug|Any CPU
		{1F74E2CF-6B55-4ADF-AF48-F4E2D4E5EB9D}.Debug|Any CPU.Build.0 = Debug|Any CPU
		{1F74E2CF-6B55-4ADF-AF48-F4E2D4E5EB9D}.Release|Any CPU.ActiveCfg = Release|Any CPU
		{1F74E2CF-6B55-4ADF-AF48-F4E2D4E5EB9D}.Release|Any CPU.Build.0 = Release|Any CPU
		{88837B71-C911-4190-AAAA-D97F5FBFD2DB}.Debug|Any CPU.ActiveCfg = Debug|Any CPU
		{88837B71-C911-4190-AAAA-D97F5FBFD2DB}.Debug|Any CPU.Build.0 = Debug|Any CPU
		{88837B71-C911-4190-AAAA-D97F5FBFD2DB}.Release|Any CPU.ActiveCfg = Release|Any CPU
		{88837B71-C911-4190-AAAA-D97F5FBFD2DB}.Release|Any CPU.Build.0 = Release|Any CPU
	EndGlobalSection
	GlobalSection(SolutionProperties) = preSolution
		HideSolutionNode = FALSE
	EndGlobalSection
	GlobalSection(ExtensibilityGlobals) = postSolution
		SolutionGuid = {7EADFA35-7A83-4479-AFD3-E459ADBADC56}
	EndGlobalSection
EndGlobal
